
Microsoft Visual Studio Solution File, Format Version 12.00
# Visual Studio Version 16
VisualStudioVersion = 16.0.30523.141
MinimumVisualStudioVersion = 10.0.40219.1
Project("{00D1A9C2-B5F0-4AF3-8072-F6C62B433612}") = "SF_A1_BD", "SF_A1_BD.sqlproj", "{9DD03CD5-1995-434D-8CDD-F95741532B94}"
EndProject
Global
	GlobalSection(SolutionConfigurationPlatforms) = preSolution
		Debug|Any CPU = Debug|Any CPU
		Release|Any CPU = Release|Any CPU
	EndGlobalSection
	GlobalSection(ProjectConfigurationPlatforms) = postSolution
		{9DD03CD5-1995-434D-8CDD-F95741532B94}.Debug|Any CPU.ActiveCfg = Debug|Any CPU
		{9DD03CD5-1995-434D-8CDD-F95741532B94}.Debug|Any CPU.Build.0 = Debug|Any CPU
		{9DD03CD5-1995-434D-8CDD-F95741532B94}.Debug|Any CPU.Deploy.0 = Debug|Any CPU
		{9DD03CD5-1995-434D-8CDD-F95741532B94}.Release|Any CPU.ActiveCfg = Release|Any CPU
		{9DD03CD5-1995-434D-8CDD-F95741532B94}.Release|Any CPU.Build.0 = Release|Any CPU
		{9DD03CD5-1995-434D-8CDD-F95741532B94}.Release|Any CPU.Deploy.0 = Release|Any CPU
	EndGlobalSection
	GlobalSection(SolutionProperties) = preSolution
		HideSolutionNode = FALSE
	EndGlobalSection
	GlobalSection(ExtensibilityGlobals) = postSolution
		SolutionGuid = {C417B035-D1AC-48E9-A498-DB196A1E2250}
	EndGlobalSection
EndGlobal
